
Microsoft Visual Studio Solution File, Format Version 12.00
# Visual Studio 2012
Project("{FAE04EC0-301F-11D3-BF4B-00C04F79EFBC}") = "Ropal", "Ropal\Ropal.csproj", "{D829F98F-1EF1-4598-ACEB-4D579CCFDFA2}"
EndProject
Project("{2150E333-8FDC-42A3-9474-1A3956D46DE8}") = "MODULES", "MODULES", "{8BCFF2E6-7311-4603-8629-0E4A863A4627}"
EndProject
Project("{2150E333-8FDC-42A3-9474-1A3956D46DE8}") = "BL", "BL", "{3CC4F29B-3976-4440-893B-B360604530D3}"
EndProject
Project("{2150E333-8FDC-42A3-9474-1A3956D46DE8}") = "BO", "BO", "{5C19F84A-6B9D-4959-A612-69B7B920E417}"
EndProject
Project("{2150E333-8FDC-42A3-9474-1A3956D46DE8}") = "DAL", "DAL", "{08105616-C61C-4A8B-9182-086C8613A38A}"
EndProject
Project("{2150E333-8FDC-42A3-9474-1A3956D46DE8}") = "COMMON", "COMMON", "{1DFF374C-D196-443D-A501-2E5A50956AF7}"
EndProject
Project("{FAE04EC0-301F-11D3-BF4B-00C04F79EFBC}") = "CoreDal", "Components\DAL\CoreDal\CoreDal.csproj", "{A66C6099-C4FE-4615-85FE-4D1675C3A986}"
EndProject
Project("{FAE04EC0-301F-11D3-BF4B-00C04F79EFBC}") = "CoreCommon", "Components\COMMON\CoreCommon\CoreCommon.csproj", "{9E518678-141C-4018-8E42-8F481A365907}"
EndProject
Project("{FAE04EC0-301F-11D3-BF4B-00C04F79EFBC}") = "CoreBO", "Components\BO\CoreBO\CoreBO.csproj", "{863E2AC8-D4A0-4D9E-A280-EBD950FEC61E}"
EndProject
Project("{FAE04EC0-301F-11D3-BF4B-00C04F79EFBC}") = "CoreBL", "Components\BL\CoreBL\CoreBL.csproj", "{81DDC5DC-8A41-47DD-BC9C-76BF4E63DDD3}"
EndProject
Project("{2150E333-8FDC-42A3-9474-1A3956D46DE8}") = "HANDLERS", "HANDLERS", "{8F68E090-4F28-4941-BD4A-3851D75837DC}"
EndProject
Project("{FAE04EC0-301F-11D3-BF4B-00C04F79EFBC}") = "CoreHandler", "Components\HANDLERS\CoreHandler\CoreHandler.csproj", "{1A4228D6-2BD0-4EA4-BBF4-76506591ED9A}"
EndProject
Project("{FAE04EC0-301F-11D3-BF4B-00C04F79EFBC}") = "CoreModule", "Components\MODULES\CoreModule\CoreModule.csproj", "{5B23478A-55F9-4FC4-B79B-80CA3193EBEA}"
EndProject
Project("{FAE04EC0-301F-11D3-BF4B-00C04F79EFBC}") = "CoreConstants", "Components\COMMON\CoreConstants\CoreConstants.csproj", "{F4A09CAC-9170-4DAB-B52E-D496807D762C}"
EndProject
Project("{2150E333-8FDC-42A3-9474-1A3956D46DE8}") = "EXCEPTIONS", "EXCEPTIONS", "{E1874699-FF9D-47E8-86A7-03830900427A}"
EndProject
Project("{FAE04EC0-301F-11D3-BF4B-00C04F79EFBC}") = "CoreExceptions", "Components\EXCEPTIONS\CoreExceptions\CoreExceptions.csproj", "{045E0AD2-0F48-4FB4-AD2E-EF10135B3162}"
EndProject
Project("{FAE04EC0-301F-11D3-BF4B-00C04F79EFBC}") = "CoreLog", "Components\COMMON\CoreLog\CoreLog.csproj", "{080E1403-FE30-4709-BAB0-C0AC21532DD2}"
EndProject
Project("{FAE04EC0-301F-11D3-BF4B-00C04F79EFBC}") = "CoreXML", "Components\COMMON\CoreXML\CoreXML.csproj", "{B09A0306-A253-491E-9198-7962ED244C49}"
EndProject
Project("{FAE04EC0-301F-11D3-BF4B-00C04F79EFBC}") = "CoreXmlWrapper", "Components\BL\XmlWrapper\CoreXmlWrapper.csproj", "{641A9BA0-BB25-41FB-8B09-50FE1081535E}"
EndProject
Project("{FAE04EC0-301F-11D3-BF4B-00C04F79EFBC}") = "CoreCache", "Components\DAL\CoreCache\CoreCache.csproj", "{A812135D-7251-4A52-BE1E-487612D7BDBF}"
EndProject
Global
	GlobalSection(SolutionConfigurationPlatforms) = preSolution
		Debug|Any CPU = Debug|Any CPU
		Release|Any CPU = Release|Any CPU
	EndGlobalSection
	GlobalSection(ProjectConfigurationPlatforms) = postSolution
		{D829F98F-1EF1-4598-ACEB-4D579CCFDFA2}.Debug|Any CPU.ActiveCfg = Debug|Any CPU
		{D829F98F-1EF1-4598-ACEB-4D579CCFDFA2}.Debug|Any CPU.Build.0 = Debug|Any CPU
		{D829F98F-1EF1-4598-ACEB-4D579CCFDFA2}.Release|Any CPU.ActiveCfg = Release|Any CPU
		{D829F98F-1EF1-4598-ACEB-4D579CCFDFA2}.Release|Any CPU.Build.0 = Release|Any CPU
		{A66C6099-C4FE-4615-85FE-4D1675C3A986}.Debug|Any CPU.ActiveCfg = Debug|Any CPU
		{A66C6099-C4FE-4615-85FE-4D1675C3A986}.Debug|Any CPU.Build.0 = Debug|Any CPU
		{A66C6099-C4FE-4615-85FE-4D1675C3A986}.Release|Any CPU.ActiveCfg = Release|Any CPU
		{A66C6099-C4FE-4615-85FE-4D1675C3A986}.Release|Any CPU.Build.0 = Release|Any CPU
		{9E518678-141C-4018-8E42-8F481A365907}.Debug|Any CPU.ActiveCfg = Debug|Any CPU
		{9E518678-141C-4018-8E42-8F481A365907}.Debug|Any CPU.Build.0 = Debug|Any CPU
		{9E518678-141C-4018-8E42-8F481A365907}.Release|Any CPU.ActiveCfg = Release|Any CPU
		{9E518678-141C-4018-8E42-8F481A365907}.Release|Any CPU.Build.0 = Release|Any CPU
		{863E2AC8-D4A0-4D9E-A280-EBD950FEC61E}.Debug|Any CPU.ActiveCfg = Debug|Any CPU
		{863E2AC8-D4A0-4D9E-A280-EBD950FEC61E}.Debug|Any CPU.Build.0 = Debug|Any CPU
		{863E2AC8-D4A0-4D9E-A280-EBD950FEC61E}.Release|Any CPU.ActiveCfg = Release|Any CPU
		{863E2AC8-D4A0-4D9E-A280-EBD950FEC61E}.Release|Any CPU.Build.0 = Release|Any CPU
		{81DDC5DC-8A41-47DD-BC9C-76BF4E63DDD3}.Debug|Any CPU.ActiveCfg = Debug|Any CPU
		{81DDC5DC-8A41-47DD-BC9C-76BF4E63DDD3}.Debug|Any CPU.Build.0 = Debug|Any CPU
		{81DDC5DC-8A41-47DD-BC9C-76BF4E63DDD3}.Release|Any CPU.ActiveCfg = Release|Any CPU
		{81DDC5DC-8A41-47DD-BC9C-76BF4E63DDD3}.Release|Any CPU.Build.0 = Release|Any CPU
		{1A4228D6-2BD0-4EA4-BBF4-76506591ED9A}.Debug|Any CPU.ActiveCfg = Debug|Any CPU
		{1A4228D6-2BD0-4EA4-BBF4-76506591ED9A}.Debug|Any CPU.Build.0 = Debug|Any CPU
		{1A4228D6-2BD0-4EA4-BBF4-76506591ED9A}.Release|Any CPU.ActiveCfg = Release|Any CPU
		{1A4228D6-2BD0-4EA4-BBF4-76506591ED9A}.Release|Any CPU.Build.0 = Release|Any CPU
		{5B23478A-55F9-4FC4-B79B-80CA3193EBEA}.Debug|Any CPU.ActiveCfg = Debug|Any CPU
		{5B23478A-55F9-4FC4-B79B-80CA3193EBEA}.Debug|Any CPU.Build.0 = Debug|Any CPU
		{5B23478A-55F9-4FC4-B79B-80CA3193EBEA}.Release|Any CPU.ActiveCfg = Release|Any CPU
		{5B23478A-55F9-4FC4-B79B-80CA3193EBEA}.Release|Any CPU.Build.0 = Release|Any CPU
		{F4A09CAC-9170-4DAB-B52E-D496807D762C}.Debug|Any CPU.ActiveCfg = Debug|Any CPU
		{F4A09CAC-9170-4DAB-B52E-D496807D762C}.Debug|Any CPU.Build.0 = Debug|Any CPU
		{F4A09CAC-9170-4DAB-B52E-D496807D762C}.Release|Any CPU.ActiveCfg = Release|Any CPU
		{F4A09CAC-9170-4DAB-B52E-D496807D762C}.Release|Any CPU.Build.0 = Release|Any CPU
		{045E0AD2-0F48-4FB4-AD2E-EF10135B3162}.Debug|Any CPU.ActiveCfg = Debug|Any CPU
		{045E0AD2-0F48-4FB4-AD2E-EF10135B3162}.Debug|Any CPU.Build.0 = Debug|Any CPU
		{045E0AD2-0F48-4FB4-AD2E-EF10135B3162}.Release|Any CPU.ActiveCfg = Release|Any CPU
		{045E0AD2-0F48-4FB4-AD2E-EF10135B3162}.Release|Any CPU.Build.0 = Release|Any CPU
		{080E1403-FE30-4709-BAB0-C0AC21532DD2}.Debug|Any CPU.ActiveCfg = Debug|Any CPU
		{080E1403-FE30-4709-BAB0-C0AC21532DD2}.Debug|Any CPU.Build.0 = Debug|Any CPU
		{080E1403-FE30-4709-BAB0-C0AC21532DD2}.Release|Any CPU.ActiveCfg = Release|Any CPU
		{080E1403-FE30-4709-BAB0-C0AC21532DD2}.Release|Any CPU.Build.0 = Release|Any CPU
		{B09A0306-A253-491E-9198-7962ED244C49}.Debug|Any CPU.ActiveCfg = Debug|Any CPU
		{B09A0306-A253-491E-9198-7962ED244C49}.Debug|Any CPU.Build.0 = Debug|Any CPU
		{B09A0306-A253-491E-9198-7962ED244C49}.Release|Any CPU.ActiveCfg = Release|Any CPU
		{B09A0306-A253-491E-9198-7962ED244C49}.Release|Any CPU.Build.0 = Release|Any CPU
		{641A9BA0-BB25-41FB-8B09-50FE1081535E}.Debug|Any CPU.ActiveCfg = Debug|Any CPU
		{641A9BA0-BB25-41FB-8B09-50FE1081535E}.Debug|Any CPU.Build.0 = Debug|Any CPU
		{641A9BA0-BB25-41FB-8B09-50FE1081535E}.Release|Any CPU.ActiveCfg = Release|Any CPU
		{641A9BA0-BB25-41FB-8B09-50FE1081535E}.Release|Any CPU.Build.0 = Release|Any CPU
		{A812135D-7251-4A52-BE1E-487612D7BDBF}.Debug|Any CPU.ActiveCfg = Debug|Any CPU
		{A812135D-7251-4A52-BE1E-487612D7BDBF}.Debug|Any CPU.Build.0 = Debug|Any CPU
		{A812135D-7251-4A52-BE1E-487612D7BDBF}.Release|Any CPU.ActiveCfg = Release|Any CPU
		{A812135D-7251-4A52-BE1E-487612D7BDBF}.Release|Any CPU.Build.0 = Release|Any CPU
	EndGlobalSection
	GlobalSection(SolutionProperties) = preSolution
		HideSolutionNode = FALSE
	EndGlobalSection
	GlobalSection(NestedProjects) = preSolution
		{5B23478A-55F9-4FC4-B79B-80CA3193EBEA} = {8BCFF2E6-7311-4603-8629-0E4A863A4627}
		{81DDC5DC-8A41-47DD-BC9C-76BF4E63DDD3} = {3CC4F29B-3976-4440-893B-B360604530D3}
		{641A9BA0-BB25-41FB-8B09-50FE1081535E} = {3CC4F29B-3976-4440-893B-B360604530D3}
		{863E2AC8-D4A0-4D9E-A280-EBD950FEC61E} = {5C19F84A-6B9D-4959-A612-69B7B920E417}
		{A66C6099-C4FE-4615-85FE-4D1675C3A986} = {08105616-C61C-4A8B-9182-086C8613A38A}
		{A812135D-7251-4A52-BE1E-487612D7BDBF} = {08105616-C61C-4A8B-9182-086C8613A38A}
		{9E518678-141C-4018-8E42-8F481A365907} = {1DFF374C-D196-443D-A501-2E5A50956AF7}
		{F4A09CAC-9170-4DAB-B52E-D496807D762C} = {1DFF374C-D196-443D-A501-2E5A50956AF7}
		{080E1403-FE30-4709-BAB0-C0AC21532DD2} = {1DFF374C-D196-443D-A501-2E5A50956AF7}
		{B09A0306-A253-491E-9198-7962ED244C49} = {1DFF374C-D196-443D-A501-2E5A50956AF7}
		{1A4228D6-2BD0-4EA4-BBF4-76506591ED9A} = {8F68E090-4F28-4941-BD4A-3851D75837DC}
		{045E0AD2-0F48-4FB4-AD2E-EF10135B3162} = {E1874699-FF9D-47E8-86A7-03830900427A}
	EndGlobalSection
EndGlobal
